// !$*UTF8*$!
{
	archiveVersion = 1;
	classes = {
	};
	objectVersion = 56;
	objects = {

/* Begin PBXBuildFile section */
		A099312C297EFD42003F8990 /* main.c in Sources */ = {isa = PBXBuildFile; fileRef = A099312B297EFD42003F8990 /* main.c */; };
		A0993134297EFD9B003F8990 /* scanner.c in Sources */ = {isa = PBXBuildFile; fileRef = A0993133297EFD9B003F8990 /* scanner.c */; };
		A0993137297EFE01003F8990 /* token.c in Sources */ = {isa = PBXBuildFile; fileRef = A0993136297EFE01003F8990 /* token.c */; };
		A099313A297EFE5D003F8990 /* parser.c in Sources */ = {isa = PBXBuildFile; fileRef = A0993139297EFE5D003F8990 /* parser.c */; };
		A099313D297EFF07003F8990 /* interpreter.c in Sources */ = {isa = PBXBuildFile; fileRef = A099313C297EFF07003F8990 /* interpreter.c */; };
		A0993140297EFF86003F8990 /* file.c in Sources */ = {isa = PBXBuildFile; fileRef = A099313F297EFF86003F8990 /* file.c */; };
		A0993143297F4177003F8990 /* hash_table.c in Sources */ = {isa = PBXBuildFile; fileRef = A0993142297F4177003F8990 /* hash_table.c */; };
		A09931482985A980003F8990 /* object.c in Sources */ = {isa = PBXBuildFile; fileRef = A09931472985A97F003F8990 /* object.c */; };
/* End PBXBuildFile section */

/* Begin PBXCopyFilesBuildPhase section */
		A0993126297EFD42003F8990 /* CopyFiles */ = {
			isa = PBXCopyFilesBuildPhase;
			buildActionMask = 2147483647;
			dstPath = /usr/share/man/man1/;
			dstSubfolderSpec = 0;
			files = (
			);
			runOnlyForDeploymentPostprocessing = 1;
		};
/* End PBXCopyFilesBuildPhase section */

/* Begin PBXFileReference section */
		A0993128297EFD42003F8990 /* ros_xcode */ = {isa = PBXFileReference; explicitFileType = "compiled.mach-o.executable"; includeInIndex = 0; path = ros_xcode; sourceTree = BUILT_PRODUCTS_DIR; };
		A099312B297EFD42003F8990 /* main.c */ = {isa = PBXFileReference; lastKnownFileType = sourcecode.c.c; path = main.c; sourceTree = "<group>"; };
		A0993132297EFD9B003F8990 /* scanner.h */ = {isa = PBXFileReference; lastKnownFileType = sourcecode.c.h; path = scanner.h; sourceTree = "<group>"; };
		A0993133297EFD9B003F8990 /* scanner.c */ = {isa = PBXFileReference; lastKnownFileType = sourcecode.c.c; path = scanner.c; sourceTree = "<group>"; };
		A0993135297EFE01003F8990 /* token.h */ = {isa = PBXFileReference; lastKnownFileType = sourcecode.c.h; path = token.h; sourceTree = "<group>"; };
		A0993136297EFE01003F8990 /* token.c */ = {isa = PBXFileReference; lastKnownFileType = sourcecode.c.c; path = token.c; sourceTree = "<group>"; };
		A0993138297EFE5D003F8990 /* parser.h */ = {isa = PBXFileReference; lastKnownFileType = sourcecode.c.h; path = parser.h; sourceTree = "<group>"; };
		A0993139297EFE5D003F8990 /* parser.c */ = {isa = PBXFileReference; lastKnownFileType = sourcecode.c.c; path = parser.c; sourceTree = "<group>"; };
		A099313B297EFF07003F8990 /* interpreter.h */ = {isa = PBXFileReference; lastKnownFileType = sourcecode.c.h; path = interpreter.h; sourceTree = "<group>"; };
		A099313C297EFF07003F8990 /* interpreter.c */ = {isa = PBXFileReference; lastKnownFileType = sourcecode.c.c; path = interpreter.c; sourceTree = "<group>"; };
		A099313E297EFF86003F8990 /* file.h */ = {isa = PBXFileReference; lastKnownFileType = sourcecode.c.h; path = file.h; sourceTree = "<group>"; };
		A099313F297EFF86003F8990 /* file.c */ = {isa = PBXFileReference; lastKnownFileType = sourcecode.c.c; path = file.c; sourceTree = "<group>"; };
		A0993141297F4177003F8990 /* hash_table.h */ = {isa = PBXFileReference; lastKnownFileType = sourcecode.c.h; path = hash_table.h; sourceTree = "<group>"; };
		A0993142297F4177003F8990 /* hash_table.c */ = {isa = PBXFileReference; lastKnownFileType = sourcecode.c.c; path = hash_table.c; sourceTree = "<group>"; };
		A09931442980D527003F8990 /* object.h */ = {isa = PBXFileReference; lastKnownFileType = sourcecode.c.h; path = object.h; sourceTree = "<group>"; };
		A09931472985A97F003F8990 /* object.c */ = {isa = PBXFileReference; lastKnownFileType = sourcecode.c.c; path = object.c; sourceTree = "<group>"; };
/* End PBXFileReference section */

/* Begin PBXFrameworksBuildPhase section */
		A0993125297EFD42003F8990 /* Frameworks */ = {
			isa = PBXFrameworksBuildPhase;
			buildActionMask = 2147483647;
			files = (
			);
			runOnlyForDeploymentPostprocessing = 0;
		};
/* End PBXFrameworksBuildPhase section */

/* Begin PBXGroup section */
		A099311F297EFD42003F8990 = {
			isa = PBXGroup;
			children = (
				A099312A297EFD42003F8990 /* ros_xcode */,
				A0993129297EFD42003F8990 /* Products */,
			);
			sourceTree = "<group>";
		};
		A0993129297EFD42003F8990 /* Products */ = {
			isa = PBXGroup;
			children = (
				A0993128297EFD42003F8990 /* ros_xcode */,
			);
			name = Products;
			sourceTree = "<group>";
		};
		A099312A297EFD42003F8990 /* ros_xcode */ = {
			isa = PBXGroup;
			children = (
				A099312B297EFD42003F8990 /* main.c */,
				A099313E297EFF86003F8990 /* file.h */,
				A099313F297EFF86003F8990 /* file.c */,
				A0993141297F4177003F8990 /* hash_table.h */,
				A0993142297F4177003F8990 /* hash_table.c */,
				A099313C297EFF07003F8990 /* interpreter.c */,
				A099313B297EFF07003F8990 /* interpreter.h */,
				A09931442980D527003F8990 /* object.h */,
				A09931472985A97F003F8990 /* object.c */,
				A0993138297EFE5D003F8990 /* parser.h */,
				A0993139297EFE5D003F8990 /* parser.c */,
				A0993132297EFD9B003F8990 /* scanner.h */,
				A0993133297EFD9B003F8990 /* scanner.c */,
				A0993135297EFE01003F8990 /* token.h */,
				A0993136297EFE01003F8990 /* token.c */,
			);
			path = ros_xcode;
			sourceTree = "<group>";
		};
/* End PBXGroup section */

/* Begin PBXNativeTarget section */
		A0993127297EFD42003F8990 /* ros_xcode */ = {
			isa = PBXNativeTarget;
			buildConfigurationList = A099312F297EFD42003F8990 /* Build configuration list for PBXNativeTarget "ros_xcode" */;
			buildPhases = (
				A0993124297EFD42003F8990 /* Sources */,
				A0993125297EFD42003F8990 /* Frameworks */,
				A0993126297EFD42003F8990 /* CopyFiles */,
			);
			buildRules = (
			);
			dependencies = (
			);
			name = ros_xcode;
			productName = ros_xcode;
			productReference = A0993128297EFD42003F8990 /* ros_xcode */;
			productType = "com.apple.product-type.tool";
		};
/* End PBXNativeTarget section */

/* Begin PBXProject section */
		A0993120297EFD42003F8990 /* Project object */ = {
			isa = PBXProject;
			attributes = {
				BuildIndependentTargetsInParallel = 1;
				LastUpgradeCheck = 1420;
				TargetAttributes = {
					A0993127297EFD42003F8990 = {
						CreatedOnToolsVersion = 14.2;
					};
				};
			};
			buildConfigurationList = A0993123297EFD42003F8990 /* Build configuration list for PBXProject "ros_xcode" */;
			compatibilityVersion = "Xcode 14.0";
			developmentRegion = en;
			hasScannedForEncodings = 0;
			knownRegions = (
				en,
				Base,
			);
			mainGroup = A099311F297EFD42003F8990;
			productRefGroup = A0993129297EFD42003F8990 /* Products */;
			projectDirPath = "";
			projectRoot = "";
			targets = (
				A0993127297EFD42003F8990 /* ros_xcode */,
			);
		};
/* End PBXProject section */

/* Begin PBXSourcesBuildPhase section */
		A0993124297EFD42003F8990 /* Sources */ = {
			isa = PBXSourcesBuildPhase;
			buildActionMask = 2147483647;
			files = (
				A09931482985A980003F8990 /* object.c in Sources */,
				A099313D297EFF07003F8990 /* interpreter.c in Sources */,
				A0993137297EFE01003F8990 /* token.c in Sources */,
				A0993134297EFD9B003F8990 /* scanner.c in Sources */,
				A099313A297EFE5D003F8990 /* parser.c in Sources */,
				A099312C297EFD42003F8990 /* main.c in Sources */,
				A0993143297F4177003F8990 /* hash_table.c in Sources */,
				A0993140297EFF86003F8990 /* file.c in Sources */,
			);
			runOnlyForDeploymentPostprocessing = 0;
		};
/* End PBXSourcesBuildPhase section */

/* Begin XCBuildConfiguration section */
		A099312D297EFD42003F8990 /* Debug */ = {
			isa = XCBuildConfiguration;
			buildSettings = {
				ALWAYS_SEARCH_USER_PATHS = NO;
				CLANG_ANALYZER_NONNULL = YES;
				CLANG_ANALYZER_NUMBER_OBJECT_CONVERSION = YES_AGGRESSIVE;
				CLANG_CXX_LANGUAGE_STANDARD = "gnu++20";
				CLANG_ENABLE_MODULES = YES;
				CLANG_ENABLE_OBJC_ARC = YES;
				CLANG_ENABLE_OBJC_WEAK = YES;
				CLANG_WARN_BLOCK_CAPTURE_AUTORELEASING = YES;
				CLANG_WARN_BOOL_CONVERSION = YES;
				CLANG_WARN_COMMA = YES;
				CLANG_WARN_CONSTANT_CONVERSION = YES;
				CLANG_WARN_DEPRECATED_OBJC_IMPLEMENTATIONS = YES;
				CLANG_WARN_DIRECT_OBJC_ISA_USAGE = YES_ERROR;
				CLANG_WARN_DOCUMENTATION_COMMENTS = YES;
				CLANG_WARN_EMPTY_BODY = YES;
				CLANG_WARN_ENUM_CONVERSION = YES;
				CLANG_WARN_INFINITE_RECURSION = YES;
				CLANG_WARN_INT_CONVERSION = YES;
				CLANG_WARN_NON_LITERAL_NULL_CONVERSION = YES;
				CLANG_WARN_OBJC_IMPLICIT_RETAIN_SELF = YES;
				CLANG_WARN_OBJC_LITERAL_CONVERSION = YES;
				CLANG_WARN_OBJC_ROOT_CLASS = YES_ERROR;
				CLANG_WARN_QUOTED_INCLUDE_IN_FRAMEWORK_HEADER = YES;
				CLANG_WARN_RANGE_LOOP_ANALYSIS = YES;
				CLANG_WARN_STRICT_PROTOTYPES = YES;
				CLANG_WARN_SUSPICIOUS_MOVE = YES;
				CLANG_WARN_UNGUARDED_AVAILABILITY = YES_AGGRESSIVE;
				CLANG_WARN_UNREACHABLE_CODE = YES;
				CLANG_WARN__DUPLICATE_METHOD_MATCH = YES;
				COPY_PHASE_STRIP = NO;
				DEBUG_INFORMATION_FORMAT = dwarf;
				ENABLE_STRICT_OBJC_MSGSEND = YES;
				ENABLE_TESTABILITY = YES;
				GCC_C_LANGUAGE_STANDARD = gnu11;
				GCC_DYNAMIC_NO_PIC = NO;
				GCC_NO_COMMON_BLOCKS = YES;
				GCC_OPTIMIZATION_LEVEL = 0;
				GCC_PREPROCESSOR_DEFINITIONS = (
					"DEBUG=1",
					"$(inherited)",
				);
				GCC_WARN_64_TO_32_BIT_CONVERSION = YES;
				GCC_WARN_ABOUT_RETURN_TYPE = YES_ERROR;
				GCC_WARN_UNDECLARED_SELECTOR = YES;
				GCC_WARN_UNINITIALIZED_AUTOS = YES_AGGRESSIVE;
				GCC_WARN_UNUSED_FUNCTION = YES;
				GCC_WARN_UNUSED_VARIABLE = YES;
				MACOSX_DEPLOYMENT_TARGET = 12.6;
				MTL_ENABLE_DEBUG_INFO = INCLUDE_SOURCE;
				MTL_FAST_MATH = YES;
				ONLY_ACTIVE_ARCH = YES;
				SDKROOT = macosx;
			};
			name = Debug;
		};
		A099312E297EFD42003F8990 /* Release */ = {
			isa = XCBuildConfiguration;
			buildSettings = {
				ALWAYS_SEARCH_USER_PATHS = NO;
				CLANG_ANALYZER_NONNULL = YES;
				CLANG_ANALYZER_NUMBER_OBJECT_CONVERSION = YES_AGGRESSIVE;
				CLANG_CXX_LANGUAGE_STANDARD = "gnu++20";
				CLANG_ENABLE_MODULES = YES;
				CLANG_ENABLE_OBJC_ARC = YES;
				CLANG_ENABLE_OBJC_WEAK = YES;
				CLANG_WARN_BLOCK_CAPTURE_AUTORELEASING = YES;
				CLANG_WARN_BOOL_CONVERSION = YES;
				CLANG_WARN_COMMA = YES;
				CLANG_WARN_CONSTANT_CONVERSION = YES;
				CLANG_WARN_DEPRECATED_OBJC_IMPLEMENTATIONS = YES;
				CLANG_WARN_DIRECT_OBJC_ISA_USAGE = YES_ERROR;
				CLANG_WARN_DOCUMENTATION_COMMENTS = YES;
				CLANG_WARN_EMPTY_BODY = YES;
				CLANG_WARN_ENUM_CONVERSION = YES;
				CLANG_WARN_INFINITE_RECURSION = YES;
				CLANG_WARN_INT_CONVERSION = YES;
				CLANG_WARN_NON_LITERAL_NULL_CONVERSION = YES;
				CLANG_WARN_OBJC_IMPLICIT_RETAIN_SELF = YES;
				CLANG_WARN_OBJC_LITERAL_CONVERSION = YES;
				CLANG_WARN_OBJC_ROOT_CLASS = YES_ERROR;
				CLANG_WARN_QUOTED_INCLUDE_IN_FRAMEWORK_HEADER = YES;
				CLANG_WARN_RANGE_LOOP_ANALYSIS = YES;
				CLANG_WARN_STRICT_PROTOTYPES = YES;
				CLANG_WARN_SUSPICIOUS_MOVE = YES;
				CLANG_WARN_UNGUARDED_AVAILABILITY = YES_AGGRESSIVE;
				CLANG_WARN_UNREACHABLE_CODE = YES;
				CLANG_WARN__DUPLICATE_METHOD_MATCH = YES;
				COPY_PHASE_STRIP = NO;
				DEBUG_INFORMATION_FORMAT = "dwarf-with-dsym";
				ENABLE_NS_ASSERTIONS = NO;
				ENABLE_STRICT_OBJC_MSGSEND = YES;
				GCC_C_LANGUAGE_STANDARD = gnu11;
				GCC_NO_COMMON_BLOCKS = YES;
				GCC_WARN_64_TO_32_BIT_CONVERSION = YES;
				GCC_WARN_ABOUT_RETURN_TYPE = YES_ERROR;
				GCC_WARN_UNDECLARED_SELECTOR = YES;
				GCC_WARN_UNINITIALIZED_AUTOS = YES_AGGRESSIVE;
				GCC_WARN_UNUSED_FUNCTION = YES;
				GCC_WARN_UNUSED_VARIABLE = YES;
				MACOSX_DEPLOYMENT_TARGET = 12.6;
				MTL_ENABLE_DEBUG_INFO = NO;
				MTL_FAST_MATH = YES;
				SDKROOT = macosx;
			};
			name = Release;
		};
		A0993130297EFD42003F8990 /* Debug */ = {
			isa = XCBuildConfiguration;
			buildSettings = {
				CODE_SIGN_STYLE = Automatic;
				PRODUCT_NAME = "$(TARGET_NAME)";
			};
			name = Debug;
		};
		A0993131297EFD42003F8990 /* Release */ = {
			isa = XCBuildConfiguration;
			buildSettings = {
				CODE_SIGN_STYLE = Automatic;
				PRODUCT_NAME = "$(TARGET_NAME)";
			};
			name = Release;
		};
/* End XCBuildConfiguration section */

/* Begin XCConfigurationList section */
		A0993123297EFD42003F8990 /* Build configuration list for PBXProject "ros_xcode" */ = {
			isa = XCConfigurationList;
			buildConfigurations = (
				A099312D297EFD42003F8990 /* Debug */,
				A099312E297EFD42003F8990 /* Release */,
			);
			defaultConfigurationIsVisible = 0;
			defaultConfigurationName = Release;
		};
		A099312F297EFD42003F8990 /* Build configuration list for PBXNativeTarget "ros_xcode" */ = {
			isa = XCConfigurationList;
			buildConfigurations = (
				A0993130297EFD42003F8990 /* Debug */,
				A0993131297EFD42003F8990 /* Release */,
			);
			defaultConfigurationIsVisible = 0;
			defaultConfigurationName = Release;
		};
/* End XCConfigurationList section */
	};
	rootObject = A0993120297EFD42003F8990 /* Project object */;
}
